
Microsoft Visual Studio Solution File, Format Version 12.00
# Visual Studio Version 17
VisualStudioVersion = 17.14.36414.22 d17.14
MinimumVisualStudioVersion = 10.0.40219.1
Project("{FAE04EC0-301F-11D3-BF4B-00C04F79EFBC}") = "proyectoIII", "proyectoIII\proyectoIII.csproj", "{F4B60361-B8F0-4A5B-819D-D99E2593936E}"
EndProject
Global
	GlobalSection(SolutionConfigurationPlatforms) = preSolution
		Debug|Any CPU = Debug|Any CPU
		Release|Any CPU = Release|Any CPU
	EndGlobalSection
	GlobalSection(ProjectConfigurationPlatforms) = postSolution
		{F4B60361-B8F0-4A5B-819D-D99E2593936E}.Debug|Any CPU.ActiveCfg = Debug|Any CPU
		{F4B60361-B8F0-4A5B-819D-D99E2593936E}.Debug|Any CPU.Build.0 = Debug|Any CPU
		{F4B60361-B8F0-4A5B-819D-D99E2593936E}.Release|Any CPU.ActiveCfg = Release|Any CPU
		{F4B60361-B8F0-4A5B-819D-D99E2593936E}.Release|Any CPU.Build.0 = Release|Any CPU
	EndGlobalSection
	GlobalSection(SolutionProperties) = preSolution
		HideSolutionNode = FALSE
	EndGlobalSection
	GlobalSection(ExtensibilityGlobals) = postSolution
		SolutionGuid = {BF3C247B-9549-4A03-A7BC-A6B1C1B60221}
	EndGlobalSection
EndGlobal
