
Microsoft Visual Studio Solution File, Format Version 12.00
# Visual Studio Version 17
VisualStudioVersion = 17.14.36518.9 d17.14
MinimumVisualStudioVersion = 10.0.40219.1
Project("{FAE04EC0-301F-11D3-BF4B-00C04F79EFBC}") = "proyectoIII", "proyectoIII\proyectoIII.csproj", "{08CD7FD4-1D46-47CC-8253-30CDDD4E3C2D}"
EndProject
Global
	GlobalSection(SolutionConfigurationPlatforms) = preSolution
		Debug|Any CPU = Debug|Any CPU
		Release|Any CPU = Release|Any CPU
	EndGlobalSection
	GlobalSection(ProjectConfigurationPlatforms) = postSolution
		{08CD7FD4-1D46-47CC-8253-30CDDD4E3C2D}.Debug|Any CPU.ActiveCfg = Debug|Any CPU
		{08CD7FD4-1D46-47CC-8253-30CDDD4E3C2D}.Debug|Any CPU.Build.0 = Debug|Any CPU
		{08CD7FD4-1D46-47CC-8253-30CDDD4E3C2D}.Release|Any CPU.ActiveCfg = Release|Any CPU
		{08CD7FD4-1D46-47CC-8253-30CDDD4E3C2D}.Release|Any CPU.Build.0 = Release|Any CPU
	EndGlobalSection
	GlobalSection(SolutionProperties) = preSolution
		HideSolutionNode = FALSE
	EndGlobalSection
	GlobalSection(ExtensibilityGlobals) = postSolution
		SolutionGuid = {CFC0BEB4-FB49-473E-810E-D7A445392641}
	EndGlobalSection
EndGlobal
